// !$*UTF8*$!
{
	archiveVersion = 1;
	classes = {
	};
	objectVersion = 50;
	objects = {

/* Begin PBXBuildFile section */
		442DAFB0F4FB9576E3BD2C06 /* libPods-KryptoPos.a in Frameworks */ = {isa = PBXBuildFile; fileRef = 5771636B85E44D1E960A4DDB /* libPods-KryptoPos.a */; };
		ADFB9F8823EBD04400DE984C /* AppDelegate.swift in Sources */ = {isa = PBXBuildFile; fileRef = ADFB9F8723EBD04400DE984C /* AppDelegate.swift */; };
		ADFB9F8A23EBD04400DE984C /* SceneDelegate.swift in Sources */ = {isa = PBXBuildFile; fileRef = ADFB9F8923EBD04400DE984C /* SceneDelegate.swift */; };
		ADFB9F8C23EBD04400DE984C /* ViewController.swift in Sources */ = {isa = PBXBuildFile; fileRef = ADFB9F8B23EBD04400DE984C /* ViewController.swift */; };
		ADFB9F8F23EBD04400DE984C /* Main.storyboard in Resources */ = {isa = PBXBuildFile; fileRef = ADFB9F8D23EBD04400DE984C /* Main.storyboard */; };
		ADFB9F9123EBD04700DE984C /* Assets.xcassets in Resources */ = {isa = PBXBuildFile; fileRef = ADFB9F9023EBD04700DE984C /* Assets.xcassets */; };
		ADFB9F9423EBD04700DE984C /* LaunchScreen.storyboard in Resources */ = {isa = PBXBuildFile; fileRef = ADFB9F9223EBD04700DE984C /* LaunchScreen.storyboard */; };
		ADFB9F9F23EBD04700DE984C /* KryptoPosTests.swift in Sources */ = {isa = PBXBuildFile; fileRef = ADFB9F9E23EBD04700DE984C /* KryptoPosTests.swift */; };
		ADFB9FAA23EBD04700DE984C /* KryptoPosUITests.swift in Sources */ = {isa = PBXBuildFile; fileRef = ADFB9FA923EBD04700DE984C /* KryptoPosUITests.swift */; };
		ADFB9FB823EBD14C00DE984C /* NetworkingClient.swift in Sources */ = {isa = PBXBuildFile; fileRef = ADFB9FB723EBD14C00DE984C /* NetworkingClient.swift */; };
		ADFB9FBA23EC02E100DE984C /* libAlamofire.a in Frameworks */ = {isa = PBXBuildFile; fileRef = ADFB9FB923EC02E100DE984C /* libAlamofire.a */; };
/* End PBXBuildFile section */

/* Begin PBXContainerItemProxy section */
		ADFB9F9B23EBD04700DE984C /* PBXContainerItemProxy */ = {
			isa = PBXContainerItemProxy;
			containerPortal = ADFB9F7C23EBD04400DE984C /* Project object */;
			proxyType = 1;
			remoteGlobalIDString = ADFB9F8323EBD04400DE984C;
			remoteInfo = KryptoPos;
		};
		ADFB9FA623EBD04700DE984C /* PBXContainerItemProxy */ = {
			isa = PBXContainerItemProxy;
			containerPortal = ADFB9F7C23EBD04400DE984C /* Project object */;
			proxyType = 1;
			remoteGlobalIDString = ADFB9F8323EBD04400DE984C;
			remoteInfo = KryptoPos;
		};
/* End PBXContainerItemProxy section */

/* Begin PBXFileReference section */
		5771636B85E44D1E960A4DDB /* libPods-KryptoPos.a */ = {isa = PBXFileReference; explicitFileType = archive.ar; includeInIndex = 0; path = "libPods-KryptoPos.a"; sourceTree = BUILT_PRODUCTS_DIR; };
		5BFEA71EAAD0BB3AD3E7DA5A /* Pods-KryptoPos.release.xcconfig */ = {isa = PBXFileReference; includeInIndex = 1; lastKnownFileType = text.xcconfig; name = "Pods-KryptoPos.release.xcconfig"; path = "Target Support Files/Pods-KryptoPos/Pods-KryptoPos.release.xcconfig"; sourceTree = "<group>"; };
		673AD6DF421F3FCE42C32EFC /* Pods-KryptoPos.debug.xcconfig */ = {isa = PBXFileReference; includeInIndex = 1; lastKnownFileType = text.xcconfig; name = "Pods-KryptoPos.debug.xcconfig"; path = "Target Support Files/Pods-KryptoPos/Pods-KryptoPos.debug.xcconfig"; sourceTree = "<group>"; };
		ADFB9F8423EBD04400DE984C /* KryptoPos.app */ = {isa = PBXFileReference; explicitFileType = wrapper.application; includeInIndex = 0; path = KryptoPos.app; sourceTree = BUILT_PRODUCTS_DIR; };
		ADFB9F8723EBD04400DE984C /* AppDelegate.swift */ = {isa = PBXFileReference; lastKnownFileType = sourcecode.swift; path = AppDelegate.swift; sourceTree = "<group>"; };
		ADFB9F8923EBD04400DE984C /* SceneDelegate.swift */ = {isa = PBXFileReference; lastKnownFileType = sourcecode.swift; path = SceneDelegate.swift; sourceTree = "<group>"; };
		ADFB9F8B23EBD04400DE984C /* ViewController.swift */ = {isa = PBXFileReference; lastKnownFileType = sourcecode.swift; path = ViewController.swift; sourceTree = "<group>"; };
		ADFB9F8E23EBD04400DE984C /* Base */ = {isa = PBXFileReference; lastKnownFileType = file.storyboard; name = Base; path = Base.lproj/Main.storyboard; sourceTree = "<group>"; };
		ADFB9F9023EBD04700DE984C /* Assets.xcassets */ = {isa = PBXFileReference; lastKnownFileType = folder.assetcatalog; path = Assets.xcassets; sourceTree = "<group>"; };
		ADFB9F9323EBD04700DE984C /* Base */ = {isa = PBXFileReference; lastKnownFileType = file.storyboard; name = Base; path = Base.lproj/LaunchScreen.storyboard; sourceTree = "<group>"; };
		ADFB9F9523EBD04700DE984C /* Info.plist */ = {isa = PBXFileReference; lastKnownFileType = text.plist.xml; path = Info.plist; sourceTree = "<group>"; };
		ADFB9F9A23EBD04700DE984C /* KryptoPosTests.xctest */ = {isa = PBXFileReference; explicitFileType = wrapper.cfbundle; includeInIndex = 0; path = KryptoPosTests.xctest; sourceTree = BUILT_PRODUCTS_DIR; };
		ADFB9F9E23EBD04700DE984C /* KryptoPosTests.swift */ = {isa = PBXFileReference; lastKnownFileType = sourcecode.swift; path = KryptoPosTests.swift; sourceTree = "<group>"; };
		ADFB9FA023EBD04700DE984C /* Info.plist */ = {isa = PBXFileReference; lastKnownFileType = text.plist.xml; path = Info.plist; sourceTree = "<group>"; };
		ADFB9FA523EBD04700DE984C /* KryptoPosUITests.xctest */ = {isa = PBXFileReference; explicitFileType = wrapper.cfbundle; includeInIndex = 0; path = KryptoPosUITests.xctest; sourceTree = BUILT_PRODUCTS_DIR; };
		ADFB9FA923EBD04700DE984C /* KryptoPosUITests.swift */ = {isa = PBXFileReference; lastKnownFileType = sourcecode.swift; path = KryptoPosUITests.swift; sourceTree = "<group>"; };
		ADFB9FAB23EBD04700DE984C /* Info.plist */ = {isa = PBXFileReference; lastKnownFileType = text.plist.xml; path = Info.plist; sourceTree = "<group>"; };
		ADFB9FB723EBD14C00DE984C /* NetworkingClient.swift */ = {isa = PBXFileReference; lastKnownFileType = sourcecode.swift; path = NetworkingClient.swift; sourceTree = "<group>"; };
		ADFB9FB923EC02E100DE984C /* libAlamofire.a */ = {isa = PBXFileReference; explicitFileType = archive.ar; path = libAlamofire.a; sourceTree = BUILT_PRODUCTS_DIR; };
/* End PBXFileReference section */

/* Begin PBXFrameworksBuildPhase section */
		ADFB9F8123EBD04400DE984C /* Frameworks */ = {
			isa = PBXFrameworksBuildPhase;
			buildActionMask = 2147483647;
			files = (
				ADFB9FBA23EC02E100DE984C /* libAlamofire.a in Frameworks */,
				442DAFB0F4FB9576E3BD2C06 /* libPods-KryptoPos.a in Frameworks */,
			);
			runOnlyForDeploymentPostprocessing = 0;
		};
		ADFB9F9723EBD04700DE984C /* Frameworks */ = {
			isa = PBXFrameworksBuildPhase;
			buildActionMask = 2147483647;
			files = (
			);
			runOnlyForDeploymentPostprocessing = 0;
		};
		ADFB9FA223EBD04700DE984C /* Frameworks */ = {
			isa = PBXFrameworksBuildPhase;
			buildActionMask = 2147483647;
			files = (
			);
			runOnlyForDeploymentPostprocessing = 0;
		};
/* End PBXFrameworksBuildPhase section */

/* Begin PBXGroup section */
		11E58703CBBE0769A2809CBB /* Pods */ = {
			isa = PBXGroup;
			children = (
				673AD6DF421F3FCE42C32EFC /* Pods-KryptoPos.debug.xcconfig */,
				5BFEA71EAAD0BB3AD3E7DA5A /* Pods-KryptoPos.release.xcconfig */,
			);
			path = Pods;
			sourceTree = "<group>";
		};
		ADFB9F7B23EBD04400DE984C = {
			isa = PBXGroup;
			children = (
				ADFB9F8623EBD04400DE984C /* KryptoPos */,
				ADFB9F9D23EBD04700DE984C /* KryptoPosTests */,
				ADFB9FA823EBD04700DE984C /* KryptoPosUITests */,
				ADFB9F8523EBD04400DE984C /* Products */,
				11E58703CBBE0769A2809CBB /* Pods */,
				D495CEAF57B420B18CE8D499 /* Frameworks */,
			);
			sourceTree = "<group>";
		};
		ADFB9F8523EBD04400DE984C /* Products */ = {
			isa = PBXGroup;
			children = (
				ADFB9F8423EBD04400DE984C /* KryptoPos.app */,
				ADFB9F9A23EBD04700DE984C /* KryptoPosTests.xctest */,
				ADFB9FA523EBD04700DE984C /* KryptoPosUITests.xctest */,
			);
			name = Products;
			sourceTree = "<group>";
		};
		ADFB9F8623EBD04400DE984C /* KryptoPos */ = {
			isa = PBXGroup;
			children = (
				ADFB9F8723EBD04400DE984C /* AppDelegate.swift */,
				ADFB9F8923EBD04400DE984C /* SceneDelegate.swift */,
				ADFB9F8B23EBD04400DE984C /* ViewController.swift */,
				ADFB9F8D23EBD04400DE984C /* Main.storyboard */,
				ADFB9F9023EBD04700DE984C /* Assets.xcassets */,
				ADFB9F9223EBD04700DE984C /* LaunchScreen.storyboard */,
				ADFB9F9523EBD04700DE984C /* Info.plist */,
				ADFB9FB723EBD14C00DE984C /* NetworkingClient.swift */,
			);
			path = KryptoPos;
			sourceTree = "<group>";
		};
		ADFB9F9D23EBD04700DE984C /* KryptoPosTests */ = {
			isa = PBXGroup;
			children = (
				ADFB9F9E23EBD04700DE984C /* KryptoPosTests.swift */,
				ADFB9FA023EBD04700DE984C /* Info.plist */,
			);
			path = KryptoPosTests;
			sourceTree = "<group>";
		};
		ADFB9FA823EBD04700DE984C /* KryptoPosUITests */ = {
			isa = PBXGroup;
			children = (
				ADFB9FA923EBD04700DE984C /* KryptoPosUITests.swift */,
				ADFB9FAB23EBD04700DE984C /* Info.plist */,
			);
			path = KryptoPosUITests;
			sourceTree = "<group>";
		};
		D495CEAF57B420B18CE8D499 /* Frameworks */ = {
			isa = PBXGroup;
			children = (
				ADFB9FB923EC02E100DE984C /* libAlamofire.a */,
				5771636B85E44D1E960A4DDB /* libPods-KryptoPos.a */,
			);
			name = Frameworks;
			sourceTree = "<group>";
		};
/* End PBXGroup section */

/* Begin PBXNativeTarget section */
		ADFB9F8323EBD04400DE984C /* KryptoPos */ = {
			isa = PBXNativeTarget;
			buildConfigurationList = ADFB9FAE23EBD04700DE984C /* Build configuration list for PBXNativeTarget "KryptoPos" */;
			buildPhases = (
				31D11DFE10A68DFBE2A77AF3 /* [CP] Check Pods Manifest.lock */,
				ADFB9F8023EBD04400DE984C /* Sources */,
				ADFB9F8123EBD04400DE984C /* Frameworks */,
				ADFB9F8223EBD04400DE984C /* Resources */,
			);
			buildRules = (
			);
			dependencies = (
			);
			name = KryptoPos;
			productName = KryptoPos;
			productReference = ADFB9F8423EBD04400DE984C /* KryptoPos.app */;
			productType = "com.apple.product-type.application";
		};
		ADFB9F9923EBD04700DE984C /* KryptoPosTests */ = {
			isa = PBXNativeTarget;
			buildConfigurationList = ADFB9FB123EBD04700DE984C /* Build configuration list for PBXNativeTarget "KryptoPosTests" */;
			buildPhases = (
				ADFB9F9623EBD04700DE984C /* Sources */,
				ADFB9F9723EBD04700DE984C /* Frameworks */,
				ADFB9F9823EBD04700DE984C /* Resources */,
			);
			buildRules = (
			);
			dependencies = (
				ADFB9F9C23EBD04700DE984C /* PBXTargetDependency */,
			);
			name = KryptoPosTests;
			productName = KryptoPosTests;
			productReference = ADFB9F9A23EBD04700DE984C /* KryptoPosTests.xctest */;
			productType = "com.apple.product-type.bundle.unit-test";
		};
		ADFB9FA423EBD04700DE984C /* KryptoPosUITests */ = {
			isa = PBXNativeTarget;
			buildConfigurationList = ADFB9FB423EBD04700DE984C /* Build configuration list for PBXNativeTarget "KryptoPosUITests" */;
			buildPhases = (
				ADFB9FA123EBD04700DE984C /* Sources */,
				ADFB9FA223EBD04700DE984C /* Frameworks */,
				ADFB9FA323EBD04700DE984C /* Resources */,
			);
			buildRules = (
			);
			dependencies = (
				ADFB9FA723EBD04700DE984C /* PBXTargetDependency */,
			);
			name = KryptoPosUITests;
			productName = KryptoPosUITests;
			productReference = ADFB9FA523EBD04700DE984C /* KryptoPosUITests.xctest */;
			productType = "com.apple.product-type.bundle.ui-testing";
		};
/* End PBXNativeTarget section */

/* Begin PBXProject section */
		ADFB9F7C23EBD04400DE984C /* Project object */ = {
			isa = PBXProject;
			attributes = {
				LastSwiftUpdateCheck = 1130;
				LastUpgradeCheck = 1130;
				ORGANIZATIONNAME = "Riyanda Febri Priyangga";
				TargetAttributes = {
					ADFB9F8323EBD04400DE984C = {
						CreatedOnToolsVersion = 11.3.1;
					};
					ADFB9F9923EBD04700DE984C = {
						CreatedOnToolsVersion = 11.3.1;
						TestTargetID = ADFB9F8323EBD04400DE984C;
					};
					ADFB9FA423EBD04700DE984C = {
						CreatedOnToolsVersion = 11.3.1;
						TestTargetID = ADFB9F8323EBD04400DE984C;
					};
				};
			};
			buildConfigurationList = ADFB9F7F23EBD04400DE984C /* Build configuration list for PBXProject "KryptoPos" */;
			compatibilityVersion = "Xcode 9.3";
			developmentRegion = en;
			hasScannedForEncodings = 0;
			knownRegions = (
				en,
				Base,
			);
			mainGroup = ADFB9F7B23EBD04400DE984C;
			productRefGroup = ADFB9F8523EBD04400DE984C /* Products */;
			projectDirPath = "";
			projectRoot = "";
			targets = (
				ADFB9F8323EBD04400DE984C /* KryptoPos */,
				ADFB9F9923EBD04700DE984C /* KryptoPosTests */,
				ADFB9FA423EBD04700DE984C /* KryptoPosUITests */,
			);
		};
/* End PBXProject section */

/* Begin PBXResourcesBuildPhase section */
		ADFB9F8223EBD04400DE984C /* Resources */ = {
			isa = PBXResourcesBuildPhase;
			buildActionMask = 2147483647;
			files = (
				ADFB9F9423EBD04700DE984C /* LaunchScreen.storyboard in Resources */,
				ADFB9F9123EBD04700DE984C /* Assets.xcassets in Resources */,
				ADFB9F8F23EBD04400DE984C /* Main.storyboard in Resources */,
			);
			runOnlyForDeploymentPostprocessing = 0;
		};
		ADFB9F9823EBD04700DE984C /* Resources */ = {
			isa = PBXResourcesBuildPhase;
			buildActionMask = 2147483647;
			files = (
			);
			runOnlyForDeploymentPostprocessing = 0;
		};
		ADFB9FA323EBD04700DE984C /* Resources */ = {
			isa = PBXResourcesBuildPhase;
			buildActionMask = 2147483647;
			files = (
			);
			runOnlyForDeploymentPostprocessing = 0;
		};
/* End PBXResourcesBuildPhase section */

/* Begin PBXShellScriptBuildPhase section */
		31D11DFE10A68DFBE2A77AF3 /* [CP] Check Pods Manifest.lock */ = {
			isa = PBXShellScriptBuildPhase;
			buildActionMask = 2147483647;
			files = (
			);
			inputFileListPaths = (
			);
			inputPaths = (
				"${PODS_PODFILE_DIR_PATH}/Podfile.lock",
				"${PODS_ROOT}/Manifest.lock",
			);
			name = "[CP] Check Pods Manifest.lock";
			outputFileListPaths = (
			);
			outputPaths = (
				"$(DERIVED_FILE_DIR)/Pods-KryptoPos-checkManifestLockResult.txt",
			);
			runOnlyForDeploymentPostprocessing = 0;
			shellPath = /bin/sh;
			shellScript = "diff \"${PODS_PODFILE_DIR_PATH}/Podfile.lock\" \"${PODS_ROOT}/Manifest.lock\" > /dev/null\nif [ $? != 0 ] ; then\n    # print error to STDERR\n    echo \"error: The sandbox is not in sync with the Podfile.lock. Run 'pod install' or update your CocoaPods installation.\" >&2\n    exit 1\nfi\n# This output is used by Xcode 'outputs' to avoid re-running this script phase.\necho \"SUCCESS\" > \"${SCRIPT_OUTPUT_FILE_0}\"\n";
			showEnvVarsInLog = 0;
		};
/* End PBXShellScriptBuildPhase section */

/* Begin PBXSourcesBuildPhase section */
		ADFB9F8023EBD04400DE984C /* Sources */ = {
			isa = PBXSourcesBuildPhase;
			buildActionMask = 2147483647;
			files = (
				ADFB9FB823EBD14C00DE984C /* NetworkingClient.swift in Sources */,
				ADFB9F8C23EBD04400DE984C /* ViewController.swift in Sources */,
				ADFB9F8823EBD04400DE984C /* AppDelegate.swift in Sources */,
				ADFB9F8A23EBD04400DE984C /* SceneDelegate.swift in Sources */,
			);
			runOnlyForDeploymentPostprocessing = 0;
		};
		ADFB9F9623EBD04700DE984C /* Sources */ = {
			isa = PBXSourcesBuildPhase;
			buildActionMask = 2147483647;
			files = (
				ADFB9F9F23EBD04700DE984C /* KryptoPosTests.swift in Sources */,
			);
			runOnlyForDeploymentPostprocessing = 0;
		};
		ADFB9FA123EBD04700DE984C /* Sources */ = {
			isa = PBXSourcesBuildPhase;
			buildActionMask = 2147483647;
			files = (
				ADFB9FAA23EBD04700DE984C /* KryptoPosUITests.swift in Sources */,
			);
			runOnlyForDeploymentPostprocessing = 0;
		};
/* End PBXSourcesBuildPhase section */

/* Begin PBXTargetDependency section */
		ADFB9F9C23EBD04700DE984C /* PBXTargetDependency */ = {
			isa = PBXTargetDependency;
			target = ADFB9F8323EBD04400DE984C /* KryptoPos */;
			targetProxy = ADFB9F9B23EBD04700DE984C /* PBXContainerItemProxy */;
		};
		ADFB9FA723EBD04700DE984C /* PBXTargetDependency */ = {
			isa = PBXTargetDependency;
			target = ADFB9F8323EBD04400DE984C /* KryptoPos */;
			targetProxy = ADFB9FA623EBD04700DE984C /* PBXContainerItemProxy */;
		};
/* End PBXTargetDependency section */

/* Begin PBXVariantGroup section */
		ADFB9F8D23EBD04400DE984C /* Main.storyboard */ = {
			isa = PBXVariantGroup;
			children = (
				ADFB9F8E23EBD04400DE984C /* Base */,
			);
			name = Main.storyboard;
			sourceTree = "<group>";
		};
		ADFB9F9223EBD04700DE984C /* LaunchScreen.storyboard */ = {
			isa = PBXVariantGroup;
			children = (
				ADFB9F9323EBD04700DE984C /* Base */,
			);
			name = LaunchScreen.storyboard;
			sourceTree = "<group>";
		};
/* End PBXVariantGroup section */

/* Begin XCBuildConfiguration section */
		ADFB9FAC23EBD04700DE984C /* Debug */ = {
			isa = XCBuildConfiguration;
			buildSettings = {
				ALWAYS_SEARCH_USER_PATHS = NO;
				CLANG_ANALYZER_NONNULL = YES;
				CLANG_ANALYZER_NUMBER_OBJECT_CONVERSION = YES_AGGRESSIVE;
				CLANG_CXX_LANGUAGE_STANDARD = "gnu++14";
				CLANG_CXX_LIBRARY = "libc++";
				CLANG_ENABLE_MODULES = YES;
				CLANG_ENABLE_OBJC_ARC = YES;
				CLANG_ENABLE_OBJC_WEAK = YES;
				CLANG_WARN_BLOCK_CAPTURE_AUTORELEASING = YES;
				CLANG_WARN_BOOL_CONVERSION = YES;
				CLANG_WARN_COMMA = YES;
				CLANG_WARN_CONSTANT_CONVERSION = YES;
				CLANG_WARN_DEPRECATED_OBJC_IMPLEMENTATIONS = YES;
				CLANG_WARN_DIRECT_OBJC_ISA_USAGE = YES_ERROR;
				CLANG_WARN_DOCUMENTATION_COMMENTS = YES;
				CLANG_WARN_EMPTY_BODY = YES;
				CLANG_WARN_ENUM_CONVERSION = YES;
				CLANG_WARN_INFINITE_RECURSION = YES;
				CLANG_WARN_INT_CONVERSION = YES;
				CLANG_WARN_NON_LITERAL_NULL_CONVERSION = YES;
				CLANG_WARN_OBJC_IMPLICIT_RETAIN_SELF = YES;
				CLANG_WARN_OBJC_LITERAL_CONVERSION = YES;
				CLANG_WARN_OBJC_ROOT_CLASS = YES_ERROR;
				CLANG_WARN_RANGE_LOOP_ANALYSIS = YES;
				CLANG_WARN_STRICT_PROTOTYPES = YES;
				CLANG_WARN_SUSPICIOUS_MOVE = YES;
				CLANG_WARN_UNGUARDED_AVAILABILITY = YES_AGGRESSIVE;
				CLANG_WARN_UNREACHABLE_CODE = YES;
				CLANG_WARN__DUPLICATE_METHOD_MATCH = YES;
				COPY_PHASE_STRIP = NO;
				DEBUG_INFORMATION_FORMAT = dwarf;
				ENABLE_STRICT_OBJC_MSGSEND = YES;
				ENABLE_TESTABILITY = YES;
				GCC_C_LANGUAGE_STANDARD = gnu11;
				GCC_DYNAMIC_NO_PIC = NO;
				GCC_NO_COMMON_BLOCKS = YES;
				GCC_OPTIMIZATION_LEVEL = 0;
				GCC_PREPROCESSOR_DEFINITIONS = (
					"DEBUG=1",
					"$(inherited)",
				);
				GCC_WARN_64_TO_32_BIT_CONVERSION = YES;
				GCC_WARN_ABOUT_RETURN_TYPE = YES_ERROR;
				GCC_WARN_UNDECLARED_SELECTOR = YES;
				GCC_WARN_UNINITIALIZED_AUTOS = YES_AGGRESSIVE;
				GCC_WARN_UNUSED_FUNCTION = YES;
				GCC_WARN_UNUSED_VARIABLE = YES;
				IPHONEOS_DEPLOYMENT_TARGET = 13.2;
				MTL_ENABLE_DEBUG_INFO = INCLUDE_SOURCE;
				MTL_FAST_MATH = YES;
				ONLY_ACTIVE_ARCH = YES;
				SDKROOT = iphoneos;
				SWIFT_ACTIVE_COMPILATION_CONDITIONS = DEBUG;
				SWIFT_OPTIMIZATION_LEVEL = "-Onone";
			};
			name = Debug;
		};
		ADFB9FAD23EBD04700DE984C /* Release */ = {
			isa = XCBuildConfiguration;
			buildSettings = {
				ALWAYS_SEARCH_USER_PATHS = NO;
				CLANG_ANALYZER_NONNULL = YES;
				CLANG_ANALYZER_NUMBER_OBJECT_CONVERSION = YES_AGGRESSIVE;
				CLANG_CXX_LANGUAGE_STANDARD = "gnu++14";
				CLANG_CXX_LIBRARY = "libc++";
				CLANG_ENABLE_MODULES = YES;
				CLANG_ENABLE_OBJC_ARC = YES;
				CLANG_ENABLE_OBJC_WEAK = YES;
				CLANG_WARN_BLOCK_CAPTURE_AUTORELEASING = YES;
				CLANG_WARN_BOOL_CONVERSION = YES;
				CLANG_WARN_COMMA = YES;
				CLANG_WARN_CONSTANT_CONVERSION = YES;
				CLANG_WARN_DEPRECATED_OBJC_IMPLEMENTATIONS = YES;
				CLANG_WARN_DIRECT_OBJC_ISA_USAGE = YES_ERROR;
				CLANG_WARN_DOCUMENTATION_COMMENTS = YES;
				CLANG_WARN_EMPTY_BODY = YES;
				CLANG_WARN_ENUM_CONVERSION = YES;
				CLANG_WARN_INFINITE_RECURSION = YES;
				CLANG_WARN_INT_CONVERSION = YES;
				CLANG_WARN_NON_LITERAL_NULL_CONVERSION = YES;
				CLANG_WARN_OBJC_IMPLICIT_RETAIN_SELF = YES;
				CLANG_WARN_OBJC_LITERAL_CONVERSION = YES;
				CLANG_WARN_OBJC_ROOT_CLASS = YES_ERROR;
				CLANG_WARN_RANGE_LOOP_ANALYSIS = YES;
				CLANG_WARN_STRICT_PROTOTYPES = YES;
				CLANG_WARN_SUSPICIOUS_MOVE = YES;
				CLANG_WARN_UNGUARDED_AVAILABILITY = YES_AGGRESSIVE;
				CLANG_WARN_UNREACHABLE_CODE = YES;
				CLANG_WARN__DUPLICATE_METHOD_MATCH = YES;
				COPY_PHASE_STRIP = NO;
				DEBUG_INFORMATION_FORMAT = "dwarf-with-dsym";
				ENABLE_NS_ASSERTIONS = NO;
				ENABLE_STRICT_OBJC_MSGSEND = YES;
				GCC_C_LANGUAGE_STANDARD = gnu11;
				GCC_NO_COMMON_BLOCKS = YES;
				GCC_WARN_64_TO_32_BIT_CONVERSION = YES;
				GCC_WARN_ABOUT_RETURN_TYPE = YES_ERROR;
				GCC_WARN_UNDECLARED_SELECTOR = YES;
				GCC_WARN_UNINITIALIZED_AUTOS = YES_AGGRESSIVE;
				GCC_WARN_UNUSED_FUNCTION = YES;
				GCC_WARN_UNUSED_VARIABLE = YES;
				IPHONEOS_DEPLOYMENT_TARGET = 13.2;
				MTL_ENABLE_DEBUG_INFO = NO;
				MTL_FAST_MATH = YES;
				SDKROOT = iphoneos;
				SWIFT_COMPILATION_MODE = wholemodule;
				SWIFT_OPTIMIZATION_LEVEL = "-O";
				VALIDATE_PRODUCT = YES;
			};
			name = Release;
		};
		ADFB9FAF23EBD04700DE984C /* Debug */ = {
			isa = XCBuildConfiguration;
			baseConfigurationReference = 673AD6DF421F3FCE42C32EFC /* Pods-KryptoPos.debug.xcconfig */;
			buildSettings = {
				ASSETCATALOG_COMPILER_APPICON_NAME = AppIcon;
				CODE_SIGN_STYLE = Automatic;
				DEVELOPMENT_TEAM = T2T7ML4887;
				INFOPLIST_FILE = KryptoPos/Info.plist;
				LD_RUNPATH_SEARCH_PATHS = (
					"$(inherited)",
					"@executable_path/Frameworks",
				);
				PRODUCT_BUNDLE_IDENTIFIER = test.KryptoPos;
				PRODUCT_NAME = "$(TARGET_NAME)";
				SWIFT_VERSION = 5.0;
				TARGETED_DEVICE_FAMILY = "1,2";
			};
			name = Debug;
		};
		ADFB9FB023EBD04700DE984C /* Release */ = {
			isa = XCBuildConfiguration;
			baseConfigurationReference = 5BFEA71EAAD0BB3AD3E7DA5A /* Pods-KryptoPos.release.xcconfig */;
			buildSettings = {
				ASSETCATALOG_COMPILER_APPICON_NAME = AppIcon;
				CODE_SIGN_STYLE = Automatic;
				DEVELOPMENT_TEAM = T2T7ML4887;
				INFOPLIST_FILE = KryptoPos/Info.plist;
				LD_RUNPATH_SEARCH_PATHS = (
					"$(inherited)",
					"@executable_path/Frameworks",
				);
				PRODUCT_BUNDLE_IDENTIFIER = test.KryptoPos;
				PRODUCT_NAME = "$(TARGET_NAME)";
				SWIFT_VERSION = 5.0;
				TARGETED_DEVICE_FAMILY = "1,2";
			};
			name = Release;
		};
		ADFB9FB223EBD04700DE984C /* Debug */ = {
			isa = XCBuildConfiguration;
			buildSettings = {
				ALWAYS_EMBED_SWIFT_STANDARD_LIBRARIES = YES;
				BUNDLE_LOADER = "$(TEST_HOST)";
				CODE_SIGN_STYLE = Automatic;
				DEVELOPMENT_TEAM = T2T7ML4887;
				INFOPLIST_FILE = KryptoPosTests/Info.plist;
				IPHONEOS_DEPLOYMENT_TARGET = 13.2;
				LD_RUNPATH_SEARCH_PATHS = (
					"$(inherited)",
					"@executable_path/Frameworks",
					"@loader_path/Frameworks",
				);
				PRODUCT_BUNDLE_IDENTIFIER = test.KryptoPosTests;
				PRODUCT_NAME = "$(TARGET_NAME)";
				SWIFT_VERSION = 5.0;
				TARGETED_DEVICE_FAMILY = "1,2";
				TEST_HOST = "$(BUILT_PRODUCTS_DIR)/KryptoPos.app/KryptoPos";
			};
			name = Debug;
		};
		ADFB9FB323EBD04700DE984C /* Release */ = {
			isa = XCBuildConfiguration;
			buildSettings = {
				ALWAYS_EMBED_SWIFT_STANDARD_LIBRARIES = YES;
				BUNDLE_LOADER = "$(TEST_HOST)";
				CODE_SIGN_STYLE = Automatic;
				DEVELOPMENT_TEAM = T2T7ML4887;
				INFOPLIST_FILE = KryptoPosTests/Info.plist;
				IPHONEOS_DEPLOYMENT_TARGET = 13.2;
				LD_RUNPATH_SEARCH_PATHS = (
					"$(inherited)",
					"@executable_path/Frameworks",
					"@loader_path/Frameworks",
				);
				PRODUCT_BUNDLE_IDENTIFIER = test.KryptoPosTests;
				PRODUCT_NAME = "$(TARGET_NAME)";
				SWIFT_VERSION = 5.0;
				TARGETED_DEVICE_FAMILY = "1,2";
				TEST_HOST = "$(BUILT_PRODUCTS_DIR)/KryptoPos.app/KryptoPos";
			};
			name = Release;
		};
		ADFB9FB523EBD04700DE984C /* Debug */ = {
			isa = XCBuildConfiguration;
			buildSettings = {
				ALWAYS_EMBED_SWIFT_STANDARD_LIBRARIES = YES;
				CODE_SIGN_STYLE = Automatic;
				DEVELOPMENT_TEAM = T2T7ML4887;
				INFOPLIST_FILE = KryptoPosUITests/Info.plist;
				LD_RUNPATH_SEARCH_PATHS = (
					"$(inherited)",
					"@executable_path/Frameworks",
					"@loader_path/Frameworks",
				);
				PRODUCT_BUNDLE_IDENTIFIER = test.KryptoPosUITests;
				PRODUCT_NAME = "$(TARGET_NAME)";
				SWIFT_VERSION = 5.0;
				TARGETED_DEVICE_FAMILY = "1,2";
				TEST_TARGET_NAME = KryptoPos;
			};
			name = Debug;
		};
		ADFB9FB623EBD04700DE984C /* Release */ = {
			isa = XCBuildConfiguration;
			buildSettings = {
				ALWAYS_EMBED_SWIFT_STANDARD_LIBRARIES = YES;
				CODE_SIGN_STYLE = Automatic;
				DEVELOPMENT_TEAM = T2T7ML4887;
				INFOPLIST_FILE = KryptoPosUITests/Info.plist;
				LD_RUNPATH_SEARCH_PATHS = (
					"$(inherited)",
					"@executable_path/Frameworks",
					"@loader_path/Frameworks",
				);
				PRODUCT_BUNDLE_IDENTIFIER = test.KryptoPosUITests;
				PRODUCT_NAME = "$(TARGET_NAME)";
				SWIFT_VERSION = 5.0;
				TARGETED_DEVICE_FAMILY = "1,2";
				TEST_TARGET_NAME = KryptoPos;
			};
			name = Release;
		};
/* End XCBuildConfiguration section */

/* Begin XCConfigurationList section */
		ADFB9F7F23EBD04400DE984C /* Build configuration list for PBXProject "KryptoPos" */ = {
			isa = XCConfigurationList;
			buildConfigurations = (
				ADFB9FAC23EBD04700DE984C /* Debug */,
				ADFB9FAD23EBD04700DE984C /* Release */,
			);
			defaultConfigurationIsVisible = 0;
			defaultConfigurationName = Release;
		};
		ADFB9FAE23EBD04700DE984C /* Build configuration list for PBXNativeTarget "KryptoPos" */ = {
			isa = XCConfigurationList;
			buildConfigurations = (
				ADFB9FAF23EBD04700DE984C /* Debug */,
				ADFB9FB023EBD04700DE984C /* Release */,
			);
			defaultConfigurationIsVisible = 0;
			defaultConfigurationName = Release;
		};
		ADFB9FB123EBD04700DE984C /* Build configuration list for PBXNativeTarget "KryptoPosTests" */ = {
			isa = XCConfigurationList;
			buildConfigurations = (
				ADFB9FB223EBD04700DE984C /* Debug */,
				ADFB9FB323EBD04700DE984C /* Release */,
			);
			defaultConfigurationIsVisible = 0;
			defaultConfigurationName = Release;
		};
		ADFB9FB423EBD04700DE984C /* Build configuration list for PBXNativeTarget "KryptoPosUITests" */ = {
			isa = XCConfigurationList;
			buildConfigurations = (
				ADFB9FB523EBD04700DE984C /* Debug */,
				ADFB9FB623EBD04700DE984C /* Release */,
			);
			defaultConfigurationIsVisible = 0;
			defaultConfigurationName = Release;
		};
/* End XCConfigurationList section */
	};
	rootObject = ADFB9F7C23EBD04400DE984C /* Project object */;
}
